
Microsoft Visual Studio Solution File, Format Version 12.00
# Visual Studio Version 17
VisualStudioVersion = 17.13.35931.197 d17.13
MinimumVisualStudioVersion = 10.0.40219.1
Project("{FAE04EC0-301F-11D3-BF4B-00C04F79EFBC}") = "DSAProject", "DSAProject\DSAProject.csproj", "{32C0D5B9-191D-4E69-A7AA-76A550EC6BF7}"
EndProject
Global
	GlobalSection(SolutionConfigurationPlatforms) = preSolution
		Debug|Any CPU = Debug|Any CPU
		Release|Any CPU = Release|Any CPU
	EndGlobalSection
	GlobalSection(ProjectConfigurationPlatforms) = postSolution
		{32C0D5B9-191D-4E69-A7AA-76A550EC6BF7}.Debug|Any CPU.ActiveCfg = Debug|Any CPU
		{32C0D5B9-191D-4E69-A7AA-76A550EC6BF7}.Debug|Any CPU.Build.0 = Debug|Any CPU
		{32C0D5B9-191D-4E69-A7AA-76A550EC6BF7}.Release|Any CPU.ActiveCfg = Release|Any CPU
		{32C0D5B9-191D-4E69-A7AA-76A550EC6BF7}.Release|Any CPU.Build.0 = Release|Any CPU
	EndGlobalSection
	GlobalSection(SolutionProperties) = preSolution
		HideSolutionNode = FALSE
	EndGlobalSection
	GlobalSection(ExtensibilityGlobals) = postSolution
		SolutionGuid = {01B9E5E7-2962-4FBB-89EA-E35A21EE22B1}
	EndGlobalSection
EndGlobal
